{
  "name": "svg2pdf",
  "version": "0.0.1",
  "lockfileVersion": 2,
  "requires": true,
  "packages": {
    "": {
      "version": "0.0.1",
      "license": "MIT",
      "dependencies": {
        "commander": "^14.0.0",
        "playwright-chromium": "^1.54.0"
      },
      "bin": {
        "svg2pdf": "generate.js"
      }
    },
    "node_modules/commander": {
      "version": "14.0.0",
      "resolved": "https://registry.npmjs.org/commander/-/commander-14.0.0.tgz",
      "integrity": "sha512-2uM9rYjPvyq39NwLRqaiLtWHyDC1FvryJDa2ATTVims5YAS4PupsEQsDvP14FqhFr0P49CYDugi59xaxJlTXRA==",
      "license": "MIT",
      "engines": {
        "node": ">=20"
      }
    },
    "node_modules/playwright-chromium": {
      "version": "1.54.0",
      "resolved": "https://registry.npmjs.org/playwright-chromium/-/playwright-chromium-1.54.0.tgz",
      "integrity": "sha512-KLGbNmx+h1jeKTjNXe3ixokdDwkysrVpBH5RazGTVVhV4YQP+dd6lm/21MypK3oMg7ckEPbU22QUMp3XxvYI+g==",
      "hasInstallScript": true,
      "dependencies": {
        "playwright-core": "1.54.0"
      },
      "bin": {
        "playwright": "cli.js"
      },
      "engines": {
        "node": ">=18"
      }
    },
    "node_modules/playwright-core": {
      "version": "1.54.0",
      "resolved": "https://registry.npmjs.org/playwright-core/-/playwright-core-1.54.0.tgz",
      "integrity": "sha512-uiWpWaJh3R3etpJ0QrpligEMl62Dk1iSAB6NUXylvmQz+e3eipXHDHvOvydDAssb5Oqo0E818qdn0L9GcJSTyA==",
      "bin": {
        "playwright-core": "cli.js"
      },
      "engines": {
        "node": ">=18"
      }
    }
  },
  "dependencies": {
    "commander": {
      "version": "14.0.0",
      "resolved": "https://registry.npmjs.org/commander/-/commander-14.0.0.tgz",
      "integrity": "sha512-2uM9rYjPvyq39NwLRqaiLtWHyDC1FvryJDa2ATTVims5YAS4PupsEQsDvP14FqhFr0P49CYDugi59xaxJlTXRA=="
    },
    "playwright-chromium": {
      "version": "1.54.0",
      "resolved": "https://registry.npmjs.org/playwright-chromium/-/playwright-chromium-1.54.0.tgz",
      "integrity": "sha512-KLGbNmx+h1jeKTjNXe3ixokdDwkysrVpBH5RazGTVVhV4YQP+dd6lm/21MypK3oMg7ckEPbU22QUMp3XxvYI+g==",
      "requires": {
        "playwright-core": "1.54.0"
      }
    },
    "playwright-core": {
      "version": "1.54.0",
      "resolved": "https://registry.npmjs.org/playwright-core/-/playwright-core-1.54.0.tgz",
      "integrity": "sha512-uiWpWaJh3R3etpJ0QrpligEMl62Dk1iSAB6NUXylvmQz+e3eipXHDHvOvydDAssb5Oqo0E818qdn0L9GcJSTyA=="
    }
  }
}
