{
  "name": "svg2pdf",
  "version": "0.0.1",
  "lockfileVersion": 2,
  "requires": true,
  "packages": {
    "": {
      "version": "0.0.1",
      "license": "MIT",
      "dependencies": {
        "commander": "^11.0.0",
        "playwright-chromium": "^1.38.0"
      },
      "bin": {
        "svg2pdf": "generate.js"
      }
    },
    "node_modules/commander": {
      "version": "11.0.0",
      "resolved": "https://registry.npmjs.org/commander/-/commander-11.0.0.tgz",
      "integrity": "sha512-9HMlXtt/BNoYr8ooyjjNRdIilOTkVJXB+GhxMTtOKwk0R4j4lS4NpjuqmRxroBfnfTSHQIHQB7wryHhXarNjmQ==",
      "engines": {
        "node": ">=16"
      }
    },
    "node_modules/playwright-chromium": {
      "version": "1.38.0",
      "resolved": "https://registry.npmjs.org/playwright-chromium/-/playwright-chromium-1.38.0.tgz",
      "integrity": "sha512-RoqqEMsBwOh7yfnb8hL/QEjd7O767GTqDLL6ZOg8tJtMoHc/66GS6Dl3ODWhLxrkAk6gVkprB0H1RYHnT9F7dg==",
      "hasInstallScript": true,
      "dependencies": {
        "playwright-core": "1.38.0"
      },
      "bin": {
        "playwright": "cli.js"
      },
      "engines": {
        "node": ">=16"
      }
    },
    "node_modules/playwright-core": {
      "version": "1.38.0",
      "resolved": "https://registry.npmjs.org/playwright-core/-/playwright-core-1.38.0.tgz",
      "integrity": "sha512-f8z1y8J9zvmHoEhKgspmCvOExF2XdcxMW8jNRuX4vkQFrzV4MlZ55iwb5QeyiFQgOFCUolXiRHgpjSEnqvO48g==",
      "bin": {
        "playwright-core": "cli.js"
      },
      "engines": {
        "node": ">=16"
      }
    }
  },
  "dependencies": {
    "commander": {
      "version": "11.0.0",
      "resolved": "https://registry.npmjs.org/commander/-/commander-11.0.0.tgz",
      "integrity": "sha512-9HMlXtt/BNoYr8ooyjjNRdIilOTkVJXB+GhxMTtOKwk0R4j4lS4NpjuqmRxroBfnfTSHQIHQB7wryHhXarNjmQ=="
    },
    "playwright-chromium": {
      "version": "1.38.0",
      "resolved": "https://registry.npmjs.org/playwright-chromium/-/playwright-chromium-1.38.0.tgz",
      "integrity": "sha512-RoqqEMsBwOh7yfnb8hL/QEjd7O767GTqDLL6ZOg8tJtMoHc/66GS6Dl3ODWhLxrkAk6gVkprB0H1RYHnT9F7dg==",
      "requires": {
        "playwright-core": "1.38.0"
      }
    },
    "playwright-core": {
      "version": "1.38.0",
      "resolved": "https://registry.npmjs.org/playwright-core/-/playwright-core-1.38.0.tgz",
      "integrity": "sha512-f8z1y8J9zvmHoEhKgspmCvOExF2XdcxMW8jNRuX4vkQFrzV4MlZ55iwb5QeyiFQgOFCUolXiRHgpjSEnqvO48g=="
    }
  }
}
