{
  "name": "svg2pdf",
  "version": "0.0.1",
  "lockfileVersion": 2,
  "requires": true,
  "packages": {
    "": {
      "version": "0.0.1",
      "license": "MIT",
      "dependencies": {
        "commander": "^11.1.0",
        "playwright-chromium": "^1.40.0"
      },
      "bin": {
        "svg2pdf": "generate.js"
      }
    },
    "node_modules/commander": {
      "version": "11.1.0",
      "resolved": "https://registry.npmjs.org/commander/-/commander-11.1.0.tgz",
      "integrity": "sha512-yPVavfyCcRhmorC7rWlkHn15b4wDVgVmBA7kV4QVBsF7kv/9TKJAbAXVTxvTnwP8HHKjRCJDClKbciiYS7p0DQ==",
      "engines": {
        "node": ">=16"
      }
    },
    "node_modules/playwright-chromium": {
      "version": "1.40.0",
      "resolved": "https://registry.npmjs.org/playwright-chromium/-/playwright-chromium-1.40.0.tgz",
      "integrity": "sha512-LEObqtviC8ik5QM9dHcx3YYGxTl2bBrUnePHibHX/a7KVbkvt1P13b9oYHylytKBh8C84pg+D3yfs/t5MgGDpg==",
      "hasInstallScript": true,
      "dependencies": {
        "playwright-core": "1.40.0"
      },
      "bin": {
        "playwright": "cli.js"
      },
      "engines": {
        "node": ">=16"
      }
    },
    "node_modules/playwright-core": {
      "version": "1.40.0",
      "resolved": "https://registry.npmjs.org/playwright-core/-/playwright-core-1.40.0.tgz",
      "integrity": "sha512-fvKewVJpGeca8t0ipM56jkVSU6Eo0RmFvQ/MaCQNDYm+sdvKkMBBWTE1FdeMqIdumRaXXjZChWHvIzCGM/tA/Q==",
      "bin": {
        "playwright-core": "cli.js"
      },
      "engines": {
        "node": ">=16"
      }
    }
  },
  "dependencies": {
    "commander": {
      "version": "11.1.0",
      "resolved": "https://registry.npmjs.org/commander/-/commander-11.1.0.tgz",
      "integrity": "sha512-yPVavfyCcRhmorC7rWlkHn15b4wDVgVmBA7kV4QVBsF7kv/9TKJAbAXVTxvTnwP8HHKjRCJDClKbciiYS7p0DQ=="
    },
    "playwright-chromium": {
      "version": "1.40.0",
      "resolved": "https://registry.npmjs.org/playwright-chromium/-/playwright-chromium-1.40.0.tgz",
      "integrity": "sha512-LEObqtviC8ik5QM9dHcx3YYGxTl2bBrUnePHibHX/a7KVbkvt1P13b9oYHylytKBh8C84pg+D3yfs/t5MgGDpg==",
      "requires": {
        "playwright-core": "1.40.0"
      }
    },
    "playwright-core": {
      "version": "1.40.0",
      "resolved": "https://registry.npmjs.org/playwright-core/-/playwright-core-1.40.0.tgz",
      "integrity": "sha512-fvKewVJpGeca8t0ipM56jkVSU6Eo0RmFvQ/MaCQNDYm+sdvKkMBBWTE1FdeMqIdumRaXXjZChWHvIzCGM/tA/Q=="
    }
  }
}
